
Microsoft Visual Studio Solution File, Format Version 12.00
# Visual Studio Version 17
VisualStudioVersion = 17.14.36221.1
MinimumVisualStudioVersion = 10.0.40219.1
Project("{FAE04EC0-301F-11D3-BF4B-00C04F79EFBC}") = "RinhaDeBackend.API", "RinhaDeBackend.API\RinhaDeBackend.API.csproj", "{8B73BF85-5935-410A-BCB3-AAF2CEB00C72}"
EndProject
Project("{FAE04EC0-301F-11D3-BF4B-00C04F79EFBC}") = "RinhaDeBackend.Application", "RinhaDeBackend.Application\RinhaDeBackend.Application.csproj", "{425ED88F-55EA-4727-A3CB-B01633F13326}"
EndProject
Project("{FAE04EC0-301F-11D3-BF4B-00C04F79EFBC}") = "RinhaDeBackend.Domain", "RinhaDeBackend.Domain\RinhaDeBackend.Domain.csproj", "{8D28C856-7A48-4B0C-9427-5D5196FFCB4E}"
EndProject
Project("{2150E333-8FDC-42A3-9474-1A3956D46DE8}") = "Solution Items", "Solution Items", "{8EC462FD-D22E-90A8-E5CE-7E832BA40C5D}"
	ProjectSection(SolutionItems) = preProject
		docker-compose.yml = docker-compose.yml
		Dockerfile = Dockerfile
		nginx.conf = nginx.conf
		init-db.sql = init-db.sql
	EndProjectSection
EndProject
Project("{FAE04EC0-301F-11D3-BF4B-00C04F79EFBC}") = "RinhaDeBackend.Infra", "RinhaDeBackend.Infra\RinhaDeBackend.Infra.csproj", "{1347EC50-6114-4D8D-8F0F-39C92D22EC63}"
EndProject
Global
	GlobalSection(SolutionConfigurationPlatforms) = preSolution
		Debug|Any CPU = Debug|Any CPU
		Release|Any CPU = Release|Any CPU
	EndGlobalSection
	GlobalSection(ProjectConfigurationPlatforms) = postSolution
		{8B73BF85-5935-410A-BCB3-AAF2CEB00C72}.Debug|Any CPU.ActiveCfg = Debug|Any CPU
		{8B73BF85-5935-410A-BCB3-AAF2CEB00C72}.Debug|Any CPU.Build.0 = Debug|Any CPU
		{8B73BF85-5935-410A-BCB3-AAF2CEB00C72}.Release|Any CPU.ActiveCfg = Release|Any CPU
		{8B73BF85-5935-410A-BCB3-AAF2CEB00C72}.Release|Any CPU.Build.0 = Release|Any CPU
		{425ED88F-55EA-4727-A3CB-B01633F13326}.Debug|Any CPU.ActiveCfg = Debug|Any CPU
		{425ED88F-55EA-4727-A3CB-B01633F13326}.Debug|Any CPU.Build.0 = Debug|Any CPU
		{425ED88F-55EA-4727-A3CB-B01633F13326}.Release|Any CPU.ActiveCfg = Release|Any CPU
		{425ED88F-55EA-4727-A3CB-B01633F13326}.Release|Any CPU.Build.0 = Release|Any CPU
		{8D28C856-7A48-4B0C-9427-5D5196FFCB4E}.Debug|Any CPU.ActiveCfg = Debug|Any CPU
		{8D28C856-7A48-4B0C-9427-5D5196FFCB4E}.Debug|Any CPU.Build.0 = Debug|Any CPU
		{8D28C856-7A48-4B0C-9427-5D5196FFCB4E}.Release|Any CPU.ActiveCfg = Release|Any CPU
		{8D28C856-7A48-4B0C-9427-5D5196FFCB4E}.Release|Any CPU.Build.0 = Release|Any CPU
		{1347EC50-6114-4D8D-8F0F-39C92D22EC63}.Debug|Any CPU.ActiveCfg = Debug|Any CPU
		{1347EC50-6114-4D8D-8F0F-39C92D22EC63}.Debug|Any CPU.Build.0 = Debug|Any CPU
		{1347EC50-6114-4D8D-8F0F-39C92D22EC63}.Release|Any CPU.ActiveCfg = Release|Any CPU
		{1347EC50-6114-4D8D-8F0F-39C92D22EC63}.Release|Any CPU.Build.0 = Release|Any CPU
	EndGlobalSection
	GlobalSection(SolutionProperties) = preSolution
		HideSolutionNode = FALSE
	EndGlobalSection
	GlobalSection(ExtensibilityGlobals) = postSolution
		SolutionGuid = {6EE8DD17-081E-4D60-88B4-177EC5FF9BB4}
	EndGlobalSection
EndGlobal
